
Microsoft Visual Studio Solution File, Format Version 12.00
# Visual Studio 15
VisualStudioVersion = 15.0.26228.9
MinimumVisualStudioVersion = 10.0.40219.1
Project("{FAE04EC0-301F-11D3-BF4B-00C04F79EFBC}") = "ofplug", "ofplug\ofplug.csproj", "{500CC4B3-9B54-49FE-B3C3-212EF71D0252}"
EndProject
Project("{FAE04EC0-301F-11D3-BF4B-00C04F79EFBC}") = "ofplug_test", "ofplug_test\ofplug_test.csproj", "{9ADF217C-8D26-4229-BF59-78E69AD8B85B}"
EndProject
Global
	GlobalSection(SolutionConfigurationPlatforms) = preSolution
		Debug|Any CPU = Debug|Any CPU
		Release|Any CPU = Release|Any CPU
	EndGlobalSection
	GlobalSection(ProjectConfigurationPlatforms) = postSolution
		{500CC4B3-9B54-49FE-B3C3-212EF71D0252}.Debug|Any CPU.ActiveCfg = Debug|Any CPU
		{500CC4B3-9B54-49FE-B3C3-212EF71D0252}.Debug|Any CPU.Build.0 = Debug|Any CPU
		{500CC4B3-9B54-49FE-B3C3-212EF71D0252}.Release|Any CPU.ActiveCfg = Release|Any CPU
		{500CC4B3-9B54-49FE-B3C3-212EF71D0252}.Release|Any CPU.Build.0 = Release|Any CPU
		{9ADF217C-8D26-4229-BF59-78E69AD8B85B}.Debug|Any CPU.ActiveCfg = Debug|Any CPU
		{9ADF217C-8D26-4229-BF59-78E69AD8B85B}.Debug|Any CPU.Build.0 = Debug|Any CPU
		{9ADF217C-8D26-4229-BF59-78E69AD8B85B}.Release|Any CPU.ActiveCfg = Release|Any CPU
		{9ADF217C-8D26-4229-BF59-78E69AD8B85B}.Release|Any CPU.Build.0 = Release|Any CPU
	EndGlobalSection
	GlobalSection(SolutionProperties) = preSolution
		HideSolutionNode = FALSE
	EndGlobalSection
EndGlobal
